
Microsoft Visual Studio Solution File, Format Version 12.00
# Visual Studio Version 17
VisualStudioVersion = 17.7.34003.232
MinimumVisualStudioVersion = 10.0.40219.1
Project("{FAE04EC0-301F-11D3-BF4B-00C04F79EFBC}") = "List-Uppgift-8", "List-Uppgift-8\List-Uppgift-8.csproj", "{1A1D7DB4-871E-45E7-9B50-6C29D79EE485}"
EndProject
Global
	GlobalSection(SolutionConfigurationPlatforms) = preSolution
		Debug|Any CPU = Debug|Any CPU
		Release|Any CPU = Release|Any CPU
	EndGlobalSection
	GlobalSection(ProjectConfigurationPlatforms) = postSolution
		{1A1D7DB4-871E-45E7-9B50-6C29D79EE485}.Debug|Any CPU.ActiveCfg = Debug|Any CPU
		{1A1D7DB4-871E-45E7-9B50-6C29D79EE485}.Debug|Any CPU.Build.0 = Debug|Any CPU
		{1A1D7DB4-871E-45E7-9B50-6C29D79EE485}.Release|Any CPU.ActiveCfg = Release|Any CPU
		{1A1D7DB4-871E-45E7-9B50-6C29D79EE485}.Release|Any CPU.Build.0 = Release|Any CPU
	EndGlobalSection
	GlobalSection(SolutionProperties) = preSolution
		HideSolutionNode = FALSE
	EndGlobalSection
	GlobalSection(ExtensibilityGlobals) = postSolution
		SolutionGuid = {7A2BD03A-42D7-4DBC-8A9C-5AEDD439E690}
	EndGlobalSection
EndGlobal
